
Microsoft Visual Studio Solution File, Format Version 12.00
# Visual Studio 15
VisualStudioVersion = 15.0.28010.2046
MinimumVisualStudioVersion = 10.0.40219.1
Project("{FAE04EC0-301F-11D3-BF4B-00C04F79EFBC}") = "TrashColletctor", "TrashColletctor\TrashColletctor.csproj", "{3818D8D7-3246-4784-8F6B-C4D46183A08B}"
EndProject
Global
	GlobalSection(SolutionConfigurationPlatforms) = preSolution
		Debug|Any CPU = Debug|Any CPU
		Release|Any CPU = Release|Any CPU
	EndGlobalSection
	GlobalSection(ProjectConfigurationPlatforms) = postSolution
		{3818D8D7-3246-4784-8F6B-C4D46183A08B}.Debug|Any CPU.ActiveCfg = Debug|Any CPU
		{3818D8D7-3246-4784-8F6B-C4D46183A08B}.Debug|Any CPU.Build.0 = Debug|Any CPU
		{3818D8D7-3246-4784-8F6B-C4D46183A08B}.Release|Any CPU.ActiveCfg = Release|Any CPU
		{3818D8D7-3246-4784-8F6B-C4D46183A08B}.Release|Any CPU.Build.0 = Release|Any CPU
	EndGlobalSection
	GlobalSection(SolutionProperties) = preSolution
		HideSolutionNode = FALSE
	EndGlobalSection
	GlobalSection(ExtensibilityGlobals) = postSolution
		SolutionGuid = {9E77000E-EBAB-4B9B-B390-0C5EA2466362}
	EndGlobalSection
EndGlobal
